// !$*UTF8*$!
{
	archiveVersion = 1;
	classes = {
	};
	objectVersion = 50;
	objects = {

/* Begin PBXBuildFile section */
		BD378C80237D5A5400399701 /* AppDelegate.swift in Sources */ = {isa = PBXBuildFile; fileRef = BD378C7F237D5A5400399701 /* AppDelegate.swift */; };
		BD378C82237D5A5400399701 /* SceneDelegate.swift in Sources */ = {isa = PBXBuildFile; fileRef = BD378C81237D5A5400399701 /* SceneDelegate.swift */; };
		BD378C84237D5A5400399701 /* ViewController.swift in Sources */ = {isa = PBXBuildFile; fileRef = BD378C83237D5A5400399701 /* ViewController.swift */; };
		BD378C87237D5A5400399701 /* Main.storyboard in Resources */ = {isa = PBXBuildFile; fileRef = BD378C85237D5A5400399701 /* Main.storyboard */; };
		BD378C89237D5A5500399701 /* Assets.xcassets in Resources */ = {isa = PBXBuildFile; fileRef = BD378C88237D5A5500399701 /* Assets.xcassets */; };
		BD378C8C237D5A5500399701 /* LaunchScreen.storyboard in Resources */ = {isa = PBXBuildFile; fileRef = BD378C8A237D5A5500399701 /* LaunchScreen.storyboard */; };
		BD378C97237D5A5500399701 /* ExampleAppTests.swift in Sources */ = {isa = PBXBuildFile; fileRef = BD378C96237D5A5500399701 /* ExampleAppTests.swift */; };
		BD378CA2237D5A5500399701 /* ExampleAppUITests.swift in Sources */ = {isa = PBXBuildFile; fileRef = BD378CA1237D5A5500399701 /* ExampleAppUITests.swift */; };
		D476078BDB8D968CA64290C4 /* libPods-ExampleApp.a in Frameworks */ = {isa = PBXBuildFile; fileRef = 67BBB243DA4FDD92E7EAC9D3 /* libPods-ExampleApp.a */; };
/* End PBXBuildFile section */

/* Begin PBXContainerItemProxy section */
		BD378C93237D5A5500399701 /* PBXContainerItemProxy */ = {
			isa = PBXContainerItemProxy;
			containerPortal = BD378C74237D5A5400399701 /* Project object */;
			proxyType = 1;
			remoteGlobalIDString = BD378C7B237D5A5400399701;
			remoteInfo = ExampleApp;
		};
		BD378C9E237D5A5500399701 /* PBXContainerItemProxy */ = {
			isa = PBXContainerItemProxy;
			containerPortal = BD378C74237D5A5400399701 /* Project object */;
			proxyType = 1;
			remoteGlobalIDString = BD378C7B237D5A5400399701;
			remoteInfo = ExampleApp;
		};
/* End PBXContainerItemProxy section */

/* Begin PBXFileReference section */
		308A747001EBBFB08880DD50 /* Pods-ExampleApp.release.xcconfig */ = {isa = PBXFileReference; includeInIndex = 1; lastKnownFileType = text.xcconfig; name = "Pods-ExampleApp.release.xcconfig"; path = "Target Support Files/Pods-ExampleApp/Pods-ExampleApp.release.xcconfig"; sourceTree = "<group>"; };
		4CBC1A88C1F4140BC8E420D3 /* Pods-ExampleApp.debug.xcconfig */ = {isa = PBXFileReference; includeInIndex = 1; lastKnownFileType = text.xcconfig; name = "Pods-ExampleApp.debug.xcconfig"; path = "Target Support Files/Pods-ExampleApp/Pods-ExampleApp.debug.xcconfig"; sourceTree = "<group>"; };
		67BBB243DA4FDD92E7EAC9D3 /* libPods-ExampleApp.a */ = {isa = PBXFileReference; explicitFileType = archive.ar; includeInIndex = 0; path = "libPods-ExampleApp.a"; sourceTree = BUILT_PRODUCTS_DIR; };
		BD378C7C237D5A5400399701 /* ExampleApp.app */ = {isa = PBXFileReference; explicitFileType = wrapper.application; includeInIndex = 0; path = ExampleApp.app; sourceTree = BUILT_PRODUCTS_DIR; };
		BD378C7F237D5A5400399701 /* AppDelegate.swift */ = {isa = PBXFileReference; lastKnownFileType = sourcecode.swift; path = AppDelegate.swift; sourceTree = "<group>"; };
		BD378C81237D5A5400399701 /* SceneDelegate.swift */ = {isa = PBXFileReference; lastKnownFileType = sourcecode.swift; path = SceneDelegate.swift; sourceTree = "<group>"; };
		BD378C83237D5A5400399701 /* ViewController.swift */ = {isa = PBXFileReference; lastKnownFileType = sourcecode.swift; path = ViewController.swift; sourceTree = "<group>"; };
		BD378C86237D5A5400399701 /* Base */ = {isa = PBXFileReference; lastKnownFileType = file.storyboard; name = Base; path = Base.lproj/Main.storyboard; sourceTree = "<group>"; };
		BD378C88237D5A5500399701 /* Assets.xcassets */ = {isa = PBXFileReference; lastKnownFileType = folder.assetcatalog; path = Assets.xcassets; sourceTree = "<group>"; };
		BD378C8B237D5A5500399701 /* Base */ = {isa = PBXFileReference; lastKnownFileType = file.storyboard; name = Base; path = Base.lproj/LaunchScreen.storyboard; sourceTree = "<group>"; };
		BD378C8D237D5A5500399701 /* Info.plist */ = {isa = PBXFileReference; lastKnownFileType = text.plist.xml; path = Info.plist; sourceTree = "<group>"; };
		BD378C92237D5A5500399701 /* ExampleAppTests.xctest */ = {isa = PBXFileReference; explicitFileType = wrapper.cfbundle; includeInIndex = 0; path = ExampleAppTests.xctest; sourceTree = BUILT_PRODUCTS_DIR; };
		BD378C96237D5A5500399701 /* ExampleAppTests.swift */ = {isa = PBXFileReference; lastKnownFileType = sourcecode.swift; path = ExampleAppTests.swift; sourceTree = "<group>"; };
		BD378C98237D5A5500399701 /* Info.plist */ = {isa = PBXFileReference; lastKnownFileType = text.plist.xml; path = Info.plist; sourceTree = "<group>"; };
		BD378C9D237D5A5500399701 /* ExampleAppUITests.xctest */ = {isa = PBXFileReference; explicitFileType = wrapper.cfbundle; includeInIndex = 0; path = ExampleAppUITests.xctest; sourceTree = BUILT_PRODUCTS_DIR; };
		BD378CA1237D5A5500399701 /* ExampleAppUITests.swift */ = {isa = PBXFileReference; lastKnownFileType = sourcecode.swift; path = ExampleAppUITests.swift; sourceTree = "<group>"; };
		BD378CA3237D5A5500399701 /* Info.plist */ = {isa = PBXFileReference; lastKnownFileType = text.plist.xml; path = Info.plist; sourceTree = "<group>"; };
/* End PBXFileReference section */

/* Begin PBXFrameworksBuildPhase section */
		BD378C79237D5A5400399701 /* Frameworks */ = {
			isa = PBXFrameworksBuildPhase;
			buildActionMask = 2147483647;
			files = (
				D476078BDB8D968CA64290C4 /* libPods-ExampleApp.a in Frameworks */,
			);
			runOnlyForDeploymentPostprocessing = 0;
		};
		BD378C8F237D5A5500399701 /* Frameworks */ = {
			isa = PBXFrameworksBuildPhase;
			buildActionMask = 2147483647;
			files = (
			);
			runOnlyForDeploymentPostprocessing = 0;
		};
		BD378C9A237D5A5500399701 /* Frameworks */ = {
			isa = PBXFrameworksBuildPhase;
			buildActionMask = 2147483647;
			files = (
			);
			runOnlyForDeploymentPostprocessing = 0;
		};
/* End PBXFrameworksBuildPhase section */

/* Begin PBXGroup section */
		7064114DF6F5C730049BFF94 /* Pods */ = {
			isa = PBXGroup;
			children = (
				4CBC1A88C1F4140BC8E420D3 /* Pods-ExampleApp.debug.xcconfig */,
				308A747001EBBFB08880DD50 /* Pods-ExampleApp.release.xcconfig */,
			);
			name = Pods;
			path = Pods;
			sourceTree = "<group>";
		};
		728374B28DA642B035838F06 /* Frameworks */ = {
			isa = PBXGroup;
			children = (
				67BBB243DA4FDD92E7EAC9D3 /* libPods-ExampleApp.a */,
			);
			name = Frameworks;
			sourceTree = "<group>";
		};
		BD378C73237D5A5400399701 = {
			isa = PBXGroup;
			children = (
				BD378C7E237D5A5400399701 /* ExampleApp */,
				BD378C95237D5A5500399701 /* ExampleAppTests */,
				BD378CA0237D5A5500399701 /* ExampleAppUITests */,
				BD378C7D237D5A5400399701 /* Products */,
				7064114DF6F5C730049BFF94 /* Pods */,
				728374B28DA642B035838F06 /* Frameworks */,
			);
			sourceTree = "<group>";
		};
		BD378C7D237D5A5400399701 /* Products */ = {
			isa = PBXGroup;
			children = (
				BD378C7C237D5A5400399701 /* ExampleApp.app */,
				BD378C92237D5A5500399701 /* ExampleAppTests.xctest */,
				BD378C9D237D5A5500399701 /* ExampleAppUITests.xctest */,
			);
			name = Products;
			sourceTree = "<group>";
		};
		BD378C7E237D5A5400399701 /* ExampleApp */ = {
			isa = PBXGroup;
			children = (
				BD378C7F237D5A5400399701 /* AppDelegate.swift */,
				BD378C81237D5A5400399701 /* SceneDelegate.swift */,
				BD378C83237D5A5400399701 /* ViewController.swift */,
				BD378C85237D5A5400399701 /* Main.storyboard */,
				BD378C88237D5A5500399701 /* Assets.xcassets */,
				BD378C8A237D5A5500399701 /* LaunchScreen.storyboard */,
				BD378C8D237D5A5500399701 /* Info.plist */,
			);
			path = ExampleApp;
			sourceTree = "<group>";
		};
		BD378C95237D5A5500399701 /* ExampleAppTests */ = {
			isa = PBXGroup;
			children = (
				BD378C96237D5A5500399701 /* ExampleAppTests.swift */,
				BD378C98237D5A5500399701 /* Info.plist */,
			);
			path = ExampleAppTests;
			sourceTree = "<group>";
		};
		BD378CA0237D5A5500399701 /* ExampleAppUITests */ = {
			isa = PBXGroup;
			children = (
				BD378CA1237D5A5500399701 /* ExampleAppUITests.swift */,
				BD378CA3237D5A5500399701 /* Info.plist */,
			);
			path = ExampleAppUITests;
			sourceTree = "<group>";
		};
/* End PBXGroup section */

/* Begin PBXNativeTarget section */
		BD378C7B237D5A5400399701 /* ExampleApp */ = {
			isa = PBXNativeTarget;
			buildConfigurationList = BD378CA6237D5A5500399701 /* Build configuration list for PBXNativeTarget "ExampleApp" */;
			buildPhases = (
				8A00E57F608B2BAB16EE83FC /* [CP] Check Pods Manifest.lock */,
				BD378C78237D5A5400399701 /* Sources */,
				BD378C79237D5A5400399701 /* Frameworks */,
				BD378C7A237D5A5400399701 /* Resources */,
				229905CE2063CABBFEF3A5C4 /* [CP] Copy Pods Resources */,
			);
			buildRules = (
			);
			dependencies = (
			);
			name = ExampleApp;
			productName = ExampleApp;
			productReference = BD378C7C237D5A5400399701 /* ExampleApp.app */;
			productType = "com.apple.product-type.application";
		};
		BD378C91237D5A5500399701 /* ExampleAppTests */ = {
			isa = PBXNativeTarget;
			buildConfigurationList = BD378CA9237D5A5500399701 /* Build configuration list for PBXNativeTarget "ExampleAppTests" */;
			buildPhases = (
				BD378C8E237D5A5500399701 /* Sources */,
				BD378C8F237D5A5500399701 /* Frameworks */,
				BD378C90237D5A5500399701 /* Resources */,
			);
			buildRules = (
			);
			dependencies = (
				BD378C94237D5A5500399701 /* PBXTargetDependency */,
			);
			name = ExampleAppTests;
			productName = ExampleAppTests;
			productReference = BD378C92237D5A5500399701 /* ExampleAppTests.xctest */;
			productType = "com.apple.product-type.bundle.unit-test";
		};
		BD378C9C237D5A5500399701 /* ExampleAppUITests */ = {
			isa = PBXNativeTarget;
			buildConfigurationList = BD378CAC237D5A5500399701 /* Build configuration list for PBXNativeTarget "ExampleAppUITests" */;
			buildPhases = (
				BD378C99237D5A5500399701 /* Sources */,
				BD378C9A237D5A5500399701 /* Frameworks */,
				BD378C9B237D5A5500399701 /* Resources */,
			);
			buildRules = (
			);
			dependencies = (
				BD378C9F237D5A5500399701 /* PBXTargetDependency */,
			);
			name = ExampleAppUITests;
			productName = ExampleAppUITests;
			productReference = BD378C9D237D5A5500399701 /* ExampleAppUITests.xctest */;
			productType = "com.apple.product-type.bundle.ui-testing";
		};
/* End PBXNativeTarget section */

/* Begin PBXProject section */
		BD378C74237D5A5400399701 /* Project object */ = {
			isa = PBXProject;
			attributes = {
				LastSwiftUpdateCheck = 1100;
				LastUpgradeCheck = 1100;
				ORGANIZATIONNAME = "Satheesh Kumar";
				TargetAttributes = {
					BD378C7B237D5A5400399701 = {
						CreatedOnToolsVersion = 11.0;
					};
					BD378C91237D5A5500399701 = {
						CreatedOnToolsVersion = 11.0;
						TestTargetID = BD378C7B237D5A5400399701;
					};
					BD378C9C237D5A5500399701 = {
						CreatedOnToolsVersion = 11.0;
						TestTargetID = BD378C7B237D5A5400399701;
					};
				};
			};
			buildConfigurationList = BD378C77237D5A5400399701 /* Build configuration list for PBXProject "ExampleApp" */;
			compatibilityVersion = "Xcode 9.3";
			developmentRegion = en;
			hasScannedForEncodings = 0;
			knownRegions = (
				en,
				Base,
			);
			mainGroup = BD378C73237D5A5400399701;
			productRefGroup = BD378C7D237D5A5400399701 /* Products */;
			projectDirPath = "";
			projectRoot = "";
			targets = (
				BD378C7B237D5A5400399701 /* ExampleApp */,
				BD378C91237D5A5500399701 /* ExampleAppTests */,
				BD378C9C237D5A5500399701 /* ExampleAppUITests */,
			);
		};
/* End PBXProject section */

/* Begin PBXResourcesBuildPhase section */
		BD378C7A237D5A5400399701 /* Resources */ = {
			isa = PBXResourcesBuildPhase;
			buildActionMask = 2147483647;
			files = (
				BD378C8C237D5A5500399701 /* LaunchScreen.storyboard in Resources */,
				BD378C89237D5A5500399701 /* Assets.xcassets in Resources */,
				BD378C87237D5A5400399701 /* Main.storyboard in Resources */,
			);
			runOnlyForDeploymentPostprocessing = 0;
		};
		BD378C90237D5A5500399701 /* Resources */ = {
			isa = PBXResourcesBuildPhase;
			buildActionMask = 2147483647;
			files = (
			);
			runOnlyForDeploymentPostprocessing = 0;
		};
		BD378C9B237D5A5500399701 /* Resources */ = {
			isa = PBXResourcesBuildPhase;
			buildActionMask = 2147483647;
			files = (
			);
			runOnlyForDeploymentPostprocessing = 0;
		};
/* End PBXResourcesBuildPhase section */

/* Begin PBXShellScriptBuildPhase section */
		229905CE2063CABBFEF3A5C4 /* [CP] Copy Pods Resources */ = {
			isa = PBXShellScriptBuildPhase;
			buildActionMask = 2147483647;
			files = (
			);
			inputFileListPaths = (
				"${PODS_ROOT}/Target Support Files/Pods-ExampleApp/Pods-ExampleApp-resources-${CONFIGURATION}-input-files.xcfilelist",
			);
			name = "[CP] Copy Pods Resources";
			outputFileListPaths = (
				"${PODS_ROOT}/Target Support Files/Pods-ExampleApp/Pods-ExampleApp-resources-${CONFIGURATION}-output-files.xcfilelist",
			);
			runOnlyForDeploymentPostprocessing = 0;
			shellPath = /bin/sh;
			shellScript = "\"${PODS_ROOT}/Target Support Files/Pods-ExampleApp/Pods-ExampleApp-resources.sh\"\n";
			showEnvVarsInLog = 0;
		};
		8A00E57F608B2BAB16EE83FC /* [CP] Check Pods Manifest.lock */ = {
			isa = PBXShellScriptBuildPhase;
			buildActionMask = 2147483647;
			files = (
			);
			inputFileListPaths = (
			);
			inputPaths = (
				"${PODS_PODFILE_DIR_PATH}/Podfile.lock",
				"${PODS_ROOT}/Manifest.lock",
			);
			name = "[CP] Check Pods Manifest.lock";
			outputFileListPaths = (
			);
			outputPaths = (
				"$(DERIVED_FILE_DIR)/Pods-ExampleApp-checkManifestLockResult.txt",
			);
			runOnlyForDeploymentPostprocessing = 0;
			shellPath = /bin/sh;
			shellScript = "diff \"${PODS_PODFILE_DIR_PATH}/Podfile.lock\" \"${PODS_ROOT}/Manifest.lock\" > /dev/null\nif [ $? != 0 ] ; then\n    # print error to STDERR\n    echo \"error: The sandbox is not in sync with the Podfile.lock. Run 'pod install' or update your CocoaPods installation.\" >&2\n    exit 1\nfi\n# This output is used by Xcode 'outputs' to avoid re-running this script phase.\necho \"SUCCESS\" > \"${SCRIPT_OUTPUT_FILE_0}\"\n";
			showEnvVarsInLog = 0;
		};
/* End PBXShellScriptBuildPhase section */

/* Begin PBXSourcesBuildPhase section */
		BD378C78237D5A5400399701 /* Sources */ = {
			isa = PBXSourcesBuildPhase;
			buildActionMask = 2147483647;
			files = (
				BD378C84237D5A5400399701 /* ViewController.swift in Sources */,
				BD378C80237D5A5400399701 /* AppDelegate.swift in Sources */,
				BD378C82237D5A5400399701 /* SceneDelegate.swift in Sources */,
			);
			runOnlyForDeploymentPostprocessing = 0;
		};
		BD378C8E237D5A5500399701 /* Sources */ = {
			isa = PBXSourcesBuildPhase;
			buildActionMask = 2147483647;
			files = (
				BD378C97237D5A5500399701 /* ExampleAppTests.swift in Sources */,
			);
			runOnlyForDeploymentPostprocessing = 0;
		};
		BD378C99237D5A5500399701 /* Sources */ = {
			isa = PBXSourcesBuildPhase;
			buildActionMask = 2147483647;
			files = (
				BD378CA2237D5A5500399701 /* ExampleAppUITests.swift in Sources */,
			);
			runOnlyForDeploymentPostprocessing = 0;
		};
/* End PBXSourcesBuildPhase section */

/* Begin PBXTargetDependency section */
		BD378C94237D5A5500399701 /* PBXTargetDependency */ = {
			isa = PBXTargetDependency;
			target = BD378C7B237D5A5400399701 /* ExampleApp */;
			targetProxy = BD378C93237D5A5500399701 /* PBXContainerItemProxy */;
		};
		BD378C9F237D5A5500399701 /* PBXTargetDependency */ = {
			isa = PBXTargetDependency;
			target = BD378C7B237D5A5400399701 /* ExampleApp */;
			targetProxy = BD378C9E237D5A5500399701 /* PBXContainerItemProxy */;
		};
/* End PBXTargetDependency section */

/* Begin PBXVariantGroup section */
		BD378C85237D5A5400399701 /* Main.storyboard */ = {
			isa = PBXVariantGroup;
			children = (
				BD378C86237D5A5400399701 /* Base */,
			);
			name = Main.storyboard;
			sourceTree = "<group>";
		};
		BD378C8A237D5A5500399701 /* LaunchScreen.storyboard */ = {
			isa = PBXVariantGroup;
			children = (
				BD378C8B237D5A5500399701 /* Base */,
			);
			name = LaunchScreen.storyboard;
			sourceTree = "<group>";
		};
/* End PBXVariantGroup section */

/* Begin XCBuildConfiguration section */
		BD378CA4237D5A5500399701 /* Debug */ = {
			isa = XCBuildConfiguration;
			buildSettings = {
				ALWAYS_SEARCH_USER_PATHS = NO;
				CLANG_ANALYZER_NONNULL = YES;
				CLANG_ANALYZER_NUMBER_OBJECT_CONVERSION = YES_AGGRESSIVE;
				CLANG_CXX_LANGUAGE_STANDARD = "gnu++14";
				CLANG_CXX_LIBRARY = "libc++";
				CLANG_ENABLE_MODULES = YES;
				CLANG_ENABLE_OBJC_ARC = YES;
				CLANG_ENABLE_OBJC_WEAK = YES;
				CLANG_WARN_BLOCK_CAPTURE_AUTORELEASING = YES;
				CLANG_WARN_BOOL_CONVERSION = YES;
				CLANG_WARN_COMMA = YES;
				CLANG_WARN_CONSTANT_CONVERSION = YES;
				CLANG_WARN_DEPRECATED_OBJC_IMPLEMENTATIONS = YES;
				CLANG_WARN_DIRECT_OBJC_ISA_USAGE = YES_ERROR;
				CLANG_WARN_DOCUMENTATION_COMMENTS = YES;
				CLANG_WARN_EMPTY_BODY = YES;
				CLANG_WARN_ENUM_CONVERSION = YES;
				CLANG_WARN_INFINITE_RECURSION = YES;
				CLANG_WARN_INT_CONVERSION = YES;
				CLANG_WARN_NON_LITERAL_NULL_CONVERSION = YES;
				CLANG_WARN_OBJC_IMPLICIT_RETAIN_SELF = YES;
				CLANG_WARN_OBJC_LITERAL_CONVERSION = YES;
				CLANG_WARN_OBJC_ROOT_CLASS = YES_ERROR;
				CLANG_WARN_RANGE_LOOP_ANALYSIS = YES;
				CLANG_WARN_STRICT_PROTOTYPES = YES;
				CLANG_WARN_SUSPICIOUS_MOVE = YES;
				CLANG_WARN_UNGUARDED_AVAILABILITY = YES_AGGRESSIVE;
				CLANG_WARN_UNREACHABLE_CODE = YES;
				CLANG_WARN__DUPLICATE_METHOD_MATCH = YES;
				COPY_PHASE_STRIP = NO;
				DEBUG_INFORMATION_FORMAT = dwarf;
				ENABLE_STRICT_OBJC_MSGSEND = YES;
				ENABLE_TESTABILITY = YES;
				GCC_C_LANGUAGE_STANDARD = gnu11;
				GCC_DYNAMIC_NO_PIC = NO;
				GCC_NO_COMMON_BLOCKS = YES;
				GCC_OPTIMIZATION_LEVEL = 0;
				GCC_PREPROCESSOR_DEFINITIONS = (
					"DEBUG=1",
					"$(inherited)",
				);
				GCC_WARN_64_TO_32_BIT_CONVERSION = YES;
				GCC_WARN_ABOUT_RETURN_TYPE = YES_ERROR;
				GCC_WARN_UNDECLARED_SELECTOR = YES;
				GCC_WARN_UNINITIALIZED_AUTOS = YES_AGGRESSIVE;
				GCC_WARN_UNUSED_FUNCTION = YES;
				GCC_WARN_UNUSED_VARIABLE = YES;
				IPHONEOS_DEPLOYMENT_TARGET = 13.0;
				MTL_ENABLE_DEBUG_INFO = INCLUDE_SOURCE;
				MTL_FAST_MATH = YES;
				ONLY_ACTIVE_ARCH = YES;
				SDKROOT = iphoneos;
				SWIFT_ACTIVE_COMPILATION_CONDITIONS = DEBUG;
				SWIFT_OPTIMIZATION_LEVEL = "-Onone";
			};
			name = Debug;
		};
		BD378CA5237D5A5500399701 /* Release */ = {
			isa = XCBuildConfiguration;
			buildSettings = {
				ALWAYS_SEARCH_USER_PATHS = NO;
				CLANG_ANALYZER_NONNULL = YES;
				CLANG_ANALYZER_NUMBER_OBJECT_CONVERSION = YES_AGGRESSIVE;
				CLANG_CXX_LANGUAGE_STANDARD = "gnu++14";
				CLANG_CXX_LIBRARY = "libc++";
				CLANG_ENABLE_MODULES = YES;
				CLANG_ENABLE_OBJC_ARC = YES;
				CLANG_ENABLE_OBJC_WEAK = YES;
				CLANG_WARN_BLOCK_CAPTURE_AUTORELEASING = YES;
				CLANG_WARN_BOOL_CONVERSION = YES;
				CLANG_WARN_COMMA = YES;
				CLANG_WARN_CONSTANT_CONVERSION = YES;
				CLANG_WARN_DEPRECATED_OBJC_IMPLEMENTATIONS = YES;
				CLANG_WARN_DIRECT_OBJC_ISA_USAGE = YES_ERROR;
				CLANG_WARN_DOCUMENTATION_COMMENTS = YES;
				CLANG_WARN_EMPTY_BODY = YES;
				CLANG_WARN_ENUM_CONVERSION = YES;
				CLANG_WARN_INFINITE_RECURSION = YES;
				CLANG_WARN_INT_CONVERSION = YES;
				CLANG_WARN_NON_LITERAL_NULL_CONVERSION = YES;
				CLANG_WARN_OBJC_IMPLICIT_RETAIN_SELF = YES;
				CLANG_WARN_OBJC_LITERAL_CONVERSION = YES;
				CLANG_WARN_OBJC_ROOT_CLASS = YES_ERROR;
				CLANG_WARN_RANGE_LOOP_ANALYSIS = YES;
				CLANG_WARN_STRICT_PROTOTYPES = YES;
				CLANG_WARN_SUSPICIOUS_MOVE = YES;
				CLANG_WARN_UNGUARDED_AVAILABILITY = YES_AGGRESSIVE;
				CLANG_WARN_UNREACHABLE_CODE = YES;
				CLANG_WARN__DUPLICATE_METHOD_MATCH = YES;
				COPY_PHASE_STRIP = NO;
				DEBUG_INFORMATION_FORMAT = "dwarf-with-dsym";
				ENABLE_NS_ASSERTIONS = NO;
				ENABLE_STRICT_OBJC_MSGSEND = YES;
				GCC_C_LANGUAGE_STANDARD = gnu11;
				GCC_NO_COMMON_BLOCKS = YES;
				GCC_WARN_64_TO_32_BIT_CONVERSION = YES;
				GCC_WARN_ABOUT_RETURN_TYPE = YES_ERROR;
				GCC_WARN_UNDECLARED_SELECTOR = YES;
				GCC_WARN_UNINITIALIZED_AUTOS = YES_AGGRESSIVE;
				GCC_WARN_UNUSED_FUNCTION = YES;
				GCC_WARN_UNUSED_VARIABLE = YES;
				IPHONEOS_DEPLOYMENT_TARGET = 13.0;
				MTL_ENABLE_DEBUG_INFO = NO;
				MTL_FAST_MATH = YES;
				SDKROOT = iphoneos;
				SWIFT_COMPILATION_MODE = wholemodule;
				SWIFT_OPTIMIZATION_LEVEL = "-O";
				VALIDATE_PRODUCT = YES;
			};
			name = Release;
		};
		BD378CA7237D5A5500399701 /* Debug */ = {
			isa = XCBuildConfiguration;
			baseConfigurationReference = 4CBC1A88C1F4140BC8E420D3 /* Pods-ExampleApp.debug.xcconfig */;
			buildSettings = {
				ASSETCATALOG_COMPILER_APPICON_NAME = AppIcon;
				CODE_SIGN_STYLE = Automatic;
				DEVELOPMENT_TEAM = 6P476J2QCD;
				INFOPLIST_FILE = ExampleApp/Info.plist;
				LD_RUNPATH_SEARCH_PATHS = (
					"$(inherited)",
					"@executable_path/Frameworks",
				);
				PRODUCT_BUNDLE_IDENTIFIER = com.satheesh.ExampleApp;
				PRODUCT_NAME = "$(TARGET_NAME)";
				SWIFT_VERSION = 5.0;
				TARGETED_DEVICE_FAMILY = "1,2";
			};
			name = Debug;
		};
		BD378CA8237D5A5500399701 /* Release */ = {
			isa = XCBuildConfiguration;
			baseConfigurationReference = 308A747001EBBFB08880DD50 /* Pods-ExampleApp.release.xcconfig */;
			buildSettings = {
				ASSETCATALOG_COMPILER_APPICON_NAME = AppIcon;
				CODE_SIGN_STYLE = Automatic;
				DEVELOPMENT_TEAM = 6P476J2QCD;
				INFOPLIST_FILE = ExampleApp/Info.plist;
				LD_RUNPATH_SEARCH_PATHS = (
					"$(inherited)",
					"@executable_path/Frameworks",
				);
				PRODUCT_BUNDLE_IDENTIFIER = com.satheesh.ExampleApp;
				PRODUCT_NAME = "$(TARGET_NAME)";
				SWIFT_VERSION = 5.0;
				TARGETED_DEVICE_FAMILY = "1,2";
			};
			name = Release;
		};
		BD378CAA237D5A5500399701 /* Debug */ = {
			isa = XCBuildConfiguration;
			buildSettings = {
				ALWAYS_EMBED_SWIFT_STANDARD_LIBRARIES = YES;
				BUNDLE_LOADER = "$(TEST_HOST)";
				CODE_SIGN_STYLE = Automatic;
				DEVELOPMENT_TEAM = 6P476J2QCD;
				INFOPLIST_FILE = ExampleAppTests/Info.plist;
				IPHONEOS_DEPLOYMENT_TARGET = 13.0;
				LD_RUNPATH_SEARCH_PATHS = (
					"$(inherited)",
					"@executable_path/Frameworks",
					"@loader_path/Frameworks",
				);
				PRODUCT_BUNDLE_IDENTIFIER = com.satheesh.ExampleAppTests;
				PRODUCT_NAME = "$(TARGET_NAME)";
				SWIFT_VERSION = 5.0;
				TARGETED_DEVICE_FAMILY = "1,2";
				TEST_HOST = "$(BUILT_PRODUCTS_DIR)/ExampleApp.app/ExampleApp";
			};
			name = Debug;
		};
		BD378CAB237D5A5500399701 /* Release */ = {
			isa = XCBuildConfiguration;
			buildSettings = {
				ALWAYS_EMBED_SWIFT_STANDARD_LIBRARIES = YES;
				BUNDLE_LOADER = "$(TEST_HOST)";
				CODE_SIGN_STYLE = Automatic;
				DEVELOPMENT_TEAM = 6P476J2QCD;
				INFOPLIST_FILE = ExampleAppTests/Info.plist;
				IPHONEOS_DEPLOYMENT_TARGET = 13.0;
				LD_RUNPATH_SEARCH_PATHS = (
					"$(inherited)",
					"@executable_path/Frameworks",
					"@loader_path/Frameworks",
				);
				PRODUCT_BUNDLE_IDENTIFIER = com.satheesh.ExampleAppTests;
				PRODUCT_NAME = "$(TARGET_NAME)";
				SWIFT_VERSION = 5.0;
				TARGETED_DEVICE_FAMILY = "1,2";
				TEST_HOST = "$(BUILT_PRODUCTS_DIR)/ExampleApp.app/ExampleApp";
			};
			name = Release;
		};
		BD378CAD237D5A5500399701 /* Debug */ = {
			isa = XCBuildConfiguration;
			buildSettings = {
				ALWAYS_EMBED_SWIFT_STANDARD_LIBRARIES = YES;
				CODE_SIGN_STYLE = Automatic;
				DEVELOPMENT_TEAM = 6P476J2QCD;
				INFOPLIST_FILE = ExampleAppUITests/Info.plist;
				LD_RUNPATH_SEARCH_PATHS = (
					"$(inherited)",
					"@executable_path/Frameworks",
					"@loader_path/Frameworks",
				);
				PRODUCT_BUNDLE_IDENTIFIER = com.satheesh.ExampleAppUITests;
				PRODUCT_NAME = "$(TARGET_NAME)";
				SWIFT_VERSION = 5.0;
				TARGETED_DEVICE_FAMILY = "1,2";
				TEST_TARGET_NAME = ExampleApp;
			};
			name = Debug;
		};
		BD378CAE237D5A5500399701 /* Release */ = {
			isa = XCBuildConfiguration;
			buildSettings = {
				ALWAYS_EMBED_SWIFT_STANDARD_LIBRARIES = YES;
				CODE_SIGN_STYLE = Automatic;
				DEVELOPMENT_TEAM = 6P476J2QCD;
				INFOPLIST_FILE = ExampleAppUITests/Info.plist;
				LD_RUNPATH_SEARCH_PATHS = (
					"$(inherited)",
					"@executable_path/Frameworks",
					"@loader_path/Frameworks",
				);
				PRODUCT_BUNDLE_IDENTIFIER = com.satheesh.ExampleAppUITests;
				PRODUCT_NAME = "$(TARGET_NAME)";
				SWIFT_VERSION = 5.0;
				TARGETED_DEVICE_FAMILY = "1,2";
				TEST_TARGET_NAME = ExampleApp;
			};
			name = Release;
		};
/* End XCBuildConfiguration section */

/* Begin XCConfigurationList section */
		BD378C77237D5A5400399701 /* Build configuration list for PBXProject "ExampleApp" */ = {
			isa = XCConfigurationList;
			buildConfigurations = (
				BD378CA4237D5A5500399701 /* Debug */,
				BD378CA5237D5A5500399701 /* Release */,
			);
			defaultConfigurationIsVisible = 0;
			defaultConfigurationName = Release;
		};
		BD378CA6237D5A5500399701 /* Build configuration list for PBXNativeTarget "ExampleApp" */ = {
			isa = XCConfigurationList;
			buildConfigurations = (
				BD378CA7237D5A5500399701 /* Debug */,
				BD378CA8237D5A5500399701 /* Release */,
			);
			defaultConfigurationIsVisible = 0;
			defaultConfigurationName = Release;
		};
		BD378CA9237D5A5500399701 /* Build configuration list for PBXNativeTarget "ExampleAppTests" */ = {
			isa = XCConfigurationList;
			buildConfigurations = (
				BD378CAA237D5A5500399701 /* Debug */,
				BD378CAB237D5A5500399701 /* Release */,
			);
			defaultConfigurationIsVisible = 0;
			defaultConfigurationName = Release;
		};
		BD378CAC237D5A5500399701 /* Build configuration list for PBXNativeTarget "ExampleAppUITests" */ = {
			isa = XCConfigurationList;
			buildConfigurations = (
				BD378CAD237D5A5500399701 /* Debug */,
				BD378CAE237D5A5500399701 /* Release */,
			);
			defaultConfigurationIsVisible = 0;
			defaultConfigurationName = Release;
		};
/* End XCConfigurationList section */
	};
	rootObject = BD378C74237D5A5400399701 /* Project object */;
}
